
Microsoft Visual Studio Solution File, Format Version 12.00
# Visual Studio Version 17
VisualStudioVersion = 17.14.36623.8 d17.14
MinimumVisualStudioVersion = 10.0.40219.1
Project("{FAE04EC0-301F-11D3-BF4B-00C04F79EFBC}") = "Hola_Mundo", "Hola_Mundo\Hola_Mundo.csproj", "{CD6A771A-F947-4736-B857-D4EF286B24B1}"
EndProject
Global
	GlobalSection(SolutionConfigurationPlatforms) = preSolution
		Debug|Any CPU = Debug|Any CPU
		Release|Any CPU = Release|Any CPU
	EndGlobalSection
	GlobalSection(ProjectConfigurationPlatforms) = postSolution
		{CD6A771A-F947-4736-B857-D4EF286B24B1}.Debug|Any CPU.ActiveCfg = Debug|Any CPU
		{CD6A771A-F947-4736-B857-D4EF286B24B1}.Debug|Any CPU.Build.0 = Debug|Any CPU
		{CD6A771A-F947-4736-B857-D4EF286B24B1}.Release|Any CPU.ActiveCfg = Release|Any CPU
		{CD6A771A-F947-4736-B857-D4EF286B24B1}.Release|Any CPU.Build.0 = Release|Any CPU
	EndGlobalSection
	GlobalSection(SolutionProperties) = preSolution
		HideSolutionNode = FALSE
	EndGlobalSection
	GlobalSection(ExtensibilityGlobals) = postSolution
		SolutionGuid = {FA852C1E-3A43-4D92-9F6D-87897767931A}
	EndGlobalSection
EndGlobal
